
Microsoft Visual Studio Solution File, Format Version 12.00
# Visual Studio Version 17
VisualStudioVersion = 17.14.36518.9 d17.14
MinimumVisualStudioVersion = 10.0.40219.1
Project("{8BC9CEB8-8B4A-11D0-8D11-00A0C91BC942}") = "xulyanh1", "xulyanh1\xulyanh1.vcxproj", "{66377015-7E59-45FD-B89B-8F4A0425466C}"
EndProject
Global
	GlobalSection(SolutionConfigurationPlatforms) = preSolution
		Debug|x64 = Debug|x64
		Debug|x86 = Debug|x86
		Release|x64 = Release|x64
		Release|x86 = Release|x86
	EndGlobalSection
	GlobalSection(ProjectConfigurationPlatforms) = postSolution
		{66377015-7E59-45FD-B89B-8F4A0425466C}.Debug|x64.ActiveCfg = Debug|x64
		{66377015-7E59-45FD-B89B-8F4A0425466C}.Debug|x64.Build.0 = Debug|x64
		{66377015-7E59-45FD-B89B-8F4A0425466C}.Debug|x86.ActiveCfg = Debug|Win32
		{66377015-7E59-45FD-B89B-8F4A0425466C}.Debug|x86.Build.0 = Debug|Win32
		{66377015-7E59-45FD-B89B-8F4A0425466C}.Release|x64.ActiveCfg = Release|x64
		{66377015-7E59-45FD-B89B-8F4A0425466C}.Release|x64.Build.0 = Release|x64
		{66377015-7E59-45FD-B89B-8F4A0425466C}.Release|x86.ActiveCfg = Release|Win32
		{66377015-7E59-45FD-B89B-8F4A0425466C}.Release|x86.Build.0 = Release|Win32
	EndGlobalSection
	GlobalSection(SolutionProperties) = preSolution
		HideSolutionNode = FALSE
	EndGlobalSection
	GlobalSection(ExtensibilityGlobals) = postSolution
		SolutionGuid = {78150566-AE75-4102-934C-858E52B8D44E}
	EndGlobalSection
EndGlobal
